dependencies:
- name: argo-cd
  repository: https://argoproj.github.io/argo-helm
  version: 7.0.0
- name: argocd-image-updater
  repository: https://argoproj.github.io/argo-helm
  version: 0.10.2
digest: sha256:14373f44c49d5255c0095300cf3aa6a5b30dcdca3e405b1bd22f9a0b3383bc65
generated: "2024-06-27T14:05:44.579996065Z"
