dependencies:
- name: argo-cd
  repository: https://argoproj.github.io/argo-helm
  version: 7.0.0
- name: argocd-image-updater
  repository: https://argoproj.github.io/argo-helm
  version: 0.9.6
digest: sha256:695c8c62e009872430f58eb2c849336df99df14ecd94718c92f02ed636bc3843
generated: "2024-05-28T14:47:15.702253022Z"
